// !$*UTF8*$!
{
	archiveVersion = 1;
	classes = {
	};
	objectVersion = 56;
	objects = {

/* Begin PBXBuildFile section */
		6B9D41FF2C6CF05300173C29 /* AppDelegate.swift in Sources */ = {isa = PBXBuildFile; fileRef = 6B9D41FE2C6CF05300173C29 /* AppDelegate.swift */; };
		6B9D42012C6CF05300173C29 /* SceneDelegate.swift in Sources */ = {isa = PBXBuildFile; fileRef = 6B9D42002C6CF05300173C29 /* SceneDelegate.swift */; };
		6B9D42032C6CF05300173C29 /* KoreaViewController.swift in Sources */ = {isa = PBXBuildFile; fileRef = 6B9D42022C6CF05300173C29 /* KoreaViewController.swift */; };
		6B9D42062C6CF05300173C29 /* Main.storyboard in Resources */ = {isa = PBXBuildFile; fileRef = 6B9D42042C6CF05300173C29 /* Main.storyboard */; };
		6B9D42082C6CF05600173C29 /* Assets.xcassets in Resources */ = {isa = PBXBuildFile; fileRef = 6B9D42072C6CF05600173C29 /* Assets.xcassets */; };
		6B9D420B2C6CF05600173C29 /* LaunchScreen.storyboard in Resources */ = {isa = PBXBuildFile; fileRef = 6B9D42092C6CF05600173C29 /* LaunchScreen.storyboard */; };
		6B9D42142C6CF11300173C29 /* SnapKit in Frameworks */ = {isa = PBXBuildFile; productRef = 6B9D42132C6CF11300173C29 /* SnapKit */; };
		6B9D42172C6CF12800173C29 /* Then in Frameworks */ = {isa = PBXBuildFile; productRef = 6B9D42162C6CF12800173C29 /* Then */; };
		6B9D42192C6CF30F00173C29 /* KoreaBackgroundView.swift in Sources */ = {isa = PBXBuildFile; fileRef = 6B9D42182C6CF30F00173C29 /* KoreaBackgroundView.swift */; };
		6B9D421B2C6CF38400173C29 /* KoreaCircleView.swift in Sources */ = {isa = PBXBuildFile; fileRef = 6B9D421A2C6CF38400173C29 /* KoreaCircleView.swift */; };
		6B9D421D2C6D1FF200173C29 /* GeongongamriView.swift in Sources */ = {isa = PBXBuildFile; fileRef = 6B9D421C2C6D1FF200173C29 /* GeongongamriView.swift */; };
		6B9D421F2C6E3B9700173C29 /* GeongongamriWrapView.swift in Sources */ = {isa = PBXBuildFile; fileRef = 6B9D421E2C6E3B9700173C29 /* GeongongamriWrapView.swift */; };
		6B9D42212C6E496500173C29 /* Geongongamri.swift in Sources */ = {isa = PBXBuildFile; fileRef = 6B9D42202C6E496500173C29 /* Geongongamri.swift */; };
		6B9D42A62C7372CC00173C29 /* FlagListViewController.swift in Sources */ = {isa = PBXBuildFile; fileRef = 6B9D42A52C7372CC00173C29 /* FlagListViewController.swift */; };
		6B9D42A82C7375A600173C29 /* USViewController.swift in Sources */ = {isa = PBXBuildFile; fileRef = 6B9D42A72C7375A600173C29 /* USViewController.swift */; };
		6B9D42AB2C7375FA00173C29 /* USBackgroundView.swift in Sources */ = {isa = PBXBuildFile; fileRef = 6B9D42AA2C7375FA00173C29 /* USBackgroundView.swift */; };
		6B9D42AD2C73773600173C29 /* USStripeView.swift in Sources */ = {isa = PBXBuildFile; fileRef = 6B9D42AC2C73773600173C29 /* USStripeView.swift */; };
		6B9D42AF2C73789E00173C29 /* UIColor+.swift in Sources */ = {isa = PBXBuildFile; fileRef = 6B9D42AE2C73789E00173C29 /* UIColor+.swift */; };
		6B9D42B12C73793800173C29 /* USStarBoxView.swift in Sources */ = {isa = PBXBuildFile; fileRef = 6B9D42B02C73793800173C29 /* USStarBoxView.swift */; };
		6B9D42B32C737A3500173C29 /* USStarView.swift in Sources */ = {isa = PBXBuildFile; fileRef = 6B9D42B22C737A3500173C29 /* USStarView.swift */; };
/* End PBXBuildFile section */

/* Begin PBXFileReference section */
		6B9D41FB2C6CF05300173C29 /* Taegeukgi.app */ = {isa = PBXFileReference; explicitFileType = wrapper.application; includeInIndex = 0; path = Taegeukgi.app; sourceTree = BUILT_PRODUCTS_DIR; };
		6B9D41FE2C6CF05300173C29 /* AppDelegate.swift */ = {isa = PBXFileReference; lastKnownFileType = sourcecode.swift; path = AppDelegate.swift; sourceTree = "<group>"; };
		6B9D42002C6CF05300173C29 /* SceneDelegate.swift */ = {isa = PBXFileReference; lastKnownFileType = sourcecode.swift; path = SceneDelegate.swift; sourceTree = "<group>"; };
		6B9D42022C6CF05300173C29 /* KoreaViewController.swift */ = {isa = PBXFileReference; lastKnownFileType = sourcecode.swift; path = KoreaViewController.swift; sourceTree = "<group>"; };
		6B9D42052C6CF05300173C29 /* Base */ = {isa = PBXFileReference; lastKnownFileType = file.storyboard; name = Base; path = Base.lproj/Main.storyboard; sourceTree = "<group>"; };
		6B9D42072C6CF05600173C29 /* Assets.xcassets */ = {isa = PBXFileReference; lastKnownFileType = folder.assetcatalog; path = Assets.xcassets; sourceTree = "<group>"; };
		6B9D420A2C6CF05600173C29 /* Base */ = {isa = PBXFileReference; lastKnownFileType = file.storyboard; name = Base; path = Base.lproj/LaunchScreen.storyboard; sourceTree = "<group>"; };
		6B9D420C2C6CF05600173C29 /* Info.plist */ = {isa = PBXFileReference; lastKnownFileType = text.plist.xml; path = Info.plist; sourceTree = "<group>"; };
		6B9D42182C6CF30F00173C29 /* KoreaBackgroundView.swift */ = {isa = PBXFileReference; lastKnownFileType = sourcecode.swift; path = KoreaBackgroundView.swift; sourceTree = "<group>"; };
		6B9D421A2C6CF38400173C29 /* KoreaCircleView.swift */ = {isa = PBXFileReference; lastKnownFileType = sourcecode.swift; path = KoreaCircleView.swift; sourceTree = "<group>"; };
		6B9D421C2C6D1FF200173C29 /* GeongongamriView.swift */ = {isa = PBXFileReference; lastKnownFileType = sourcecode.swift; path = GeongongamriView.swift; sourceTree = "<group>"; };
		6B9D421E2C6E3B9700173C29 /* GeongongamriWrapView.swift */ = {isa = PBXFileReference; lastKnownFileType = sourcecode.swift; path = GeongongamriWrapView.swift; sourceTree = "<group>"; };
		6B9D42202C6E496500173C29 /* Geongongamri.swift */ = {isa = PBXFileReference; lastKnownFileType = sourcecode.swift; path = Geongongamri.swift; sourceTree = "<group>"; };
		6B9D42A52C7372CC00173C29 /* FlagListViewController.swift */ = {isa = PBXFileReference; lastKnownFileType = sourcecode.swift; path = FlagListViewController.swift; sourceTree = "<group>"; };
		6B9D42A72C7375A600173C29 /* USViewController.swift */ = {isa = PBXFileReference; lastKnownFileType = sourcecode.swift; path = USViewController.swift; sourceTree = "<group>"; };
		6B9D42AA2C7375FA00173C29 /* USBackgroundView.swift */ = {isa = PBXFileReference; lastKnownFileType = sourcecode.swift; path = USBackgroundView.swift; sourceTree = "<group>"; };
		6B9D42AC2C73773600173C29 /* USStripeView.swift */ = {isa = PBXFileReference; lastKnownFileType = sourcecode.swift; path = USStripeView.swift; sourceTree = "<group>"; };
		6B9D42AE2C73789E00173C29 /* UIColor+.swift */ = {isa = PBXFileReference; lastKnownFileType = sourcecode.swift; path = "UIColor+.swift"; sourceTree = "<group>"; };
		6B9D42B02C73793800173C29 /* USStarBoxView.swift */ = {isa = PBXFileReference; lastKnownFileType = sourcecode.swift; path = USStarBoxView.swift; sourceTree = "<group>"; };
		6B9D42B22C737A3500173C29 /* USStarView.swift */ = {isa = PBXFileReference; lastKnownFileType = sourcecode.swift; path = USStarView.swift; sourceTree = "<group>"; };
/* End PBXFileReference section */

/* Begin PBXFrameworksBuildPhase section */
		6B9D41F82C6CF05300173C29 /* Frameworks */ = {
			isa = PBXFrameworksBuildPhase;
			buildActionMask = 2147483647;
			files = (
				6B9D42142C6CF11300173C29 /* SnapKit in Frameworks */,
				6B9D42172C6CF12800173C29 /* Then in Frameworks */,
			);
			runOnlyForDeploymentPostprocessing = 0;
		};
/* End PBXFrameworksBuildPhase section */

/* Begin PBXGroup section */
		6B9D41F22C6CF05300173C29 = {
			isa = PBXGroup;
			children = (
				6B9D41FD2C6CF05300173C29 /* Taegeukgi */,
				6B9D41FC2C6CF05300173C29 /* Products */,
			);
			sourceTree = "<group>";
		};
		6B9D41FC2C6CF05300173C29 /* Products */ = {
			isa = PBXGroup;
			children = (
				6B9D41FB2C6CF05300173C29 /* Taegeukgi.app */,
			);
			name = Products;
			sourceTree = "<group>";
		};
		6B9D41FD2C6CF05300173C29 /* Taegeukgi */ = {
			isa = PBXGroup;
			children = (
				6B9D41FE2C6CF05300173C29 /* AppDelegate.swift */,
				6B9D42002C6CF05300173C29 /* SceneDelegate.swift */,
				6B9D42A52C7372CC00173C29 /* FlagListViewController.swift */,
				6B9D42022C6CF05300173C29 /* KoreaViewController.swift */,
				6B9D42A72C7375A600173C29 /* USViewController.swift */,
				6B9D42AE2C73789E00173C29 /* UIColor+.swift */,
				6B9D42A92C7375F100173C29 /* US */,
				6B9D42A42C73727D00173C29 /* Korea */,
				6B9D42042C6CF05300173C29 /* Main.storyboard */,
				6B9D42072C6CF05600173C29 /* Assets.xcassets */,
				6B9D42092C6CF05600173C29 /* LaunchScreen.storyboard */,
				6B9D420C2C6CF05600173C29 /* Info.plist */,
			);
			path = Taegeukgi;
			sourceTree = "<group>";
		};
		6B9D42A42C73727D00173C29 /* Korea */ = {
			isa = PBXGroup;
			children = (
				6B9D42182C6CF30F00173C29 /* KoreaBackgroundView.swift */,
				6B9D421A2C6CF38400173C29 /* KoreaCircleView.swift */,
				6B9D42202C6E496500173C29 /* Geongongamri.swift */,
				6B9D421C2C6D1FF200173C29 /* GeongongamriView.swift */,
				6B9D421E2C6E3B9700173C29 /* GeongongamriWrapView.swift */,
			);
			path = Korea;
			sourceTree = "<group>";
		};
		6B9D42A92C7375F100173C29 /* US */ = {
			isa = PBXGroup;
			children = (
				6B9D42AA2C7375FA00173C29 /* USBackgroundView.swift */,
				6B9D42AC2C73773600173C29 /* USStripeView.swift */,
				6B9D42B02C73793800173C29 /* USStarBoxView.swift */,
				6B9D42B22C737A3500173C29 /* USStarView.swift */,
			);
			path = US;
			sourceTree = "<group>";
		};
/* End PBXGroup section */

/* Begin PBXNativeTarget section */
		6B9D41FA2C6CF05300173C29 /* Taegeukgi */ = {
			isa = PBXNativeTarget;
			buildConfigurationList = 6B9D420F2C6CF05600173C29 /* Build configuration list for PBXNativeTarget "Taegeukgi" */;
			buildPhases = (
				6B9D41F72C6CF05300173C29 /* Sources */,
				6B9D41F82C6CF05300173C29 /* Frameworks */,
				6B9D41F92C6CF05300173C29 /* Resources */,
			);
			buildRules = (
			);
			dependencies = (
			);
			name = Taegeukgi;
			packageProductDependencies = (
				6B9D42132C6CF11300173C29 /* SnapKit */,
				6B9D42162C6CF12800173C29 /* Then */,
			);
			productName = Taegeukgi;
			productReference = 6B9D41FB2C6CF05300173C29 /* Taegeukgi.app */;
			productType = "com.apple.product-type.application";
		};
/* End PBXNativeTarget section */

/* Begin PBXProject section */
		6B9D41F32C6CF05300173C29 /* Project object */ = {
			isa = PBXProject;
			attributes = {
				BuildIndependentTargetsInParallel = 1;
				LastSwiftUpdateCheck = 1520;
				LastUpgradeCheck = 1520;
				TargetAttributes = {
					6B9D41FA2C6CF05300173C29 = {
						CreatedOnToolsVersion = 15.2;
					};
				};
			};
			buildConfigurationList = 6B9D41F62C6CF05300173C29 /* Build configuration list for PBXProject "Taegeukgi" */;
			compatibilityVersion = "Xcode 14.0";
			developmentRegion = en;
			hasScannedForEncodings = 0;
			knownRegions = (
				en,
				Base,
			);
			mainGroup = 6B9D41F22C6CF05300173C29;
			packageReferences = (
				6B9D42122C6CF11300173C29 /* XCRemoteSwiftPackageReference "SnapKit" */,
				6B9D42152C6CF12800173C29 /* XCRemoteSwiftPackageReference "Then" */,
			);
			productRefGroup = 6B9D41FC2C6CF05300173C29 /* Products */;
			projectDirPath = "";
			projectRoot = "";
			targets = (
				6B9D41FA2C6CF05300173C29 /* Taegeukgi */,
			);
		};
/* End PBXProject section */

/* Begin PBXResourcesBuildPhase section */
		6B9D41F92C6CF05300173C29 /* Resources */ = {
			isa = PBXResourcesBuildPhase;
			buildActionMask = 2147483647;
			files = (
				6B9D420B2C6CF05600173C29 /* LaunchScreen.storyboard in Resources */,
				6B9D42082C6CF05600173C29 /* Assets.xcassets in Resources */,
				6B9D42062C6CF05300173C29 /* Main.storyboard in Resources */,
			);
			runOnlyForDeploymentPostprocessing = 0;
		};
/* End PBXResourcesBuildPhase section */

/* Begin PBXSourcesBuildPhase section */
		6B9D41F72C6CF05300173C29 /* Sources */ = {
			isa = PBXSourcesBuildPhase;
			buildActionMask = 2147483647;
			files = (
				6B9D42A82C7375A600173C29 /* USViewController.swift in Sources */,
				6B9D42032C6CF05300173C29 /* KoreaViewController.swift in Sources */,
				6B9D421F2C6E3B9700173C29 /* GeongongamriWrapView.swift in Sources */,
				6B9D42212C6E496500173C29 /* Geongongamri.swift in Sources */,
				6B9D42A62C7372CC00173C29 /* FlagListViewController.swift in Sources */,
				6B9D421B2C6CF38400173C29 /* KoreaCircleView.swift in Sources */,
				6B9D41FF2C6CF05300173C29 /* AppDelegate.swift in Sources */,
				6B9D42192C6CF30F00173C29 /* KoreaBackgroundView.swift in Sources */,
				6B9D42B32C737A3500173C29 /* USStarView.swift in Sources */,
				6B9D42012C6CF05300173C29 /* SceneDelegate.swift in Sources */,
				6B9D421D2C6D1FF200173C29 /* GeongongamriView.swift in Sources */,
				6B9D42AF2C73789E00173C29 /* UIColor+.swift in Sources */,
				6B9D42AB2C7375FA00173C29 /* USBackgroundView.swift in Sources */,
				6B9D42B12C73793800173C29 /* USStarBoxView.swift in Sources */,
				6B9D42AD2C73773600173C29 /* USStripeView.swift in Sources */,
			);
			runOnlyForDeploymentPostprocessing = 0;
		};
/* End PBXSourcesBuildPhase section */

/* Begin PBXVariantGroup section */
		6B9D42042C6CF05300173C29 /* Main.storyboard */ = {
			isa = PBXVariantGroup;
			children = (
				6B9D42052C6CF05300173C29 /* Base */,
			);
			name = Main.storyboard;
			sourceTree = "<group>";
		};
		6B9D42092C6CF05600173C29 /* LaunchScreen.storyboard */ = {
			isa = PBXVariantGroup;
			children = (
				6B9D420A2C6CF05600173C29 /* Base */,
			);
			name = LaunchScreen.storyboard;
			sourceTree = "<group>";
		};
/* End PBXVariantGroup section */

/* Begin XCBuildConfiguration section */
		6B9D420D2C6CF05600173C29 /* Debug */ = {
			isa = XCBuildConfiguration;
			buildSettings = {
				ALWAYS_SEARCH_USER_PATHS = NO;
				ASSETCATALOG_COMPILER_GENERATE_SWIFT_ASSET_SYMBOL_EXTENSIONS = YES;
				CLANG_ANALYZER_NONNULL = YES;
				CLANG_ANALYZER_NUMBER_OBJECT_CONVERSION = YES_AGGRESSIVE;
				CLANG_CXX_LANGUAGE_STANDARD = "gnu++20";
				CLANG_ENABLE_MODULES = YES;
				CLANG_ENABLE_OBJC_ARC = YES;
				CLANG_ENABLE_OBJC_WEAK = YES;
				CLANG_WARN_BLOCK_CAPTURE_AUTORELEASING = YES;
				CLANG_WARN_BOOL_CONVERSION = YES;
				CLANG_WARN_COMMA = YES;
				CLANG_WARN_CONSTANT_CONVERSION = YES;
				CLANG_WARN_DEPRECATED_OBJC_IMPLEMENTATIONS = YES;
				CLANG_WARN_DIRECT_OBJC_ISA_USAGE = YES_ERROR;
				CLANG_WARN_DOCUMENTATION_COMMENTS = YES;
				CLANG_WARN_EMPTY_BODY = YES;
				CLANG_WARN_ENUM_CONVERSION = YES;
				CLANG_WARN_INFINITE_RECURSION = YES;
				CLANG_WARN_INT_CONVERSION = YES;
				CLANG_WARN_NON_LITERAL_NULL_CONVERSION = YES;
				CLANG_WARN_OBJC_IMPLICIT_RETAIN_SELF = YES;
				CLANG_WARN_OBJC_LITERAL_CONVERSION = YES;
				CLANG_WARN_OBJC_ROOT_CLASS = YES_ERROR;
				CLANG_WARN_QUOTED_INCLUDE_IN_FRAMEWORK_HEADER = YES;
				CLANG_WARN_RANGE_LOOP_ANALYSIS = YES;
				CLANG_WARN_STRICT_PROTOTYPES = YES;
				CLANG_WARN_SUSPICIOUS_MOVE = YES;
				CLANG_WARN_UNGUARDED_AVAILABILITY = YES_AGGRESSIVE;
				CLANG_WARN_UNREACHABLE_CODE = YES;
				CLANG_WARN__DUPLICATE_METHOD_MATCH = YES;
				COPY_PHASE_STRIP = NO;
				DEBUG_INFORMATION_FORMAT = dwarf;
				ENABLE_STRICT_OBJC_MSGSEND = YES;
				ENABLE_TESTABILITY = YES;
				ENABLE_USER_SCRIPT_SANDBOXING = YES;
				GCC_C_LANGUAGE_STANDARD = gnu17;
				GCC_DYNAMIC_NO_PIC = NO;
				GCC_NO_COMMON_BLOCKS = YES;
				GCC_OPTIMIZATION_LEVEL = 0;
				GCC_PREPROCESSOR_DEFINITIONS = (
					"DEBUG=1",
					"$(inherited)",
				);
				GCC_WARN_64_TO_32_BIT_CONVERSION = YES;
				GCC_WARN_ABOUT_RETURN_TYPE = YES_ERROR;
				GCC_WARN_UNDECLARED_SELECTOR = YES;
				GCC_WARN_UNINITIALIZED_AUTOS = YES_AGGRESSIVE;
				GCC_WARN_UNUSED_FUNCTION = YES;
				GCC_WARN_UNUSED_VARIABLE = YES;
				IPHONEOS_DEPLOYMENT_TARGET = 17.2;
				LOCALIZATION_PREFERS_STRING_CATALOGS = YES;
				MTL_ENABLE_DEBUG_INFO = INCLUDE_SOURCE;
				MTL_FAST_MATH = YES;
				ONLY_ACTIVE_ARCH = YES;
				SDKROOT = iphoneos;
				SWIFT_ACTIVE_COMPILATION_CONDITIONS = "DEBUG $(inherited)";
				SWIFT_OPTIMIZATION_LEVEL = "-Onone";
			};
			name = Debug;
		};
		6B9D420E2C6CF05600173C29 /* Release */ = {
			isa = XCBuildConfiguration;
			buildSettings = {
				ALWAYS_SEARCH_USER_PATHS = NO;
				ASSETCATALOG_COMPILER_GENERATE_SWIFT_ASSET_SYMBOL_EXTENSIONS = YES;
				CLANG_ANALYZER_NONNULL = YES;
				CLANG_ANALYZER_NUMBER_OBJECT_CONVERSION = YES_AGGRESSIVE;
				CLANG_CXX_LANGUAGE_STANDARD = "gnu++20";
				CLANG_ENABLE_MODULES = YES;
				CLANG_ENABLE_OBJC_ARC = YES;
				CLANG_ENABLE_OBJC_WEAK = YES;
				CLANG_WARN_BLOCK_CAPTURE_AUTORELEASING = YES;
				CLANG_WARN_BOOL_CONVERSION = YES;
				CLANG_WARN_COMMA = YES;
				CLANG_WARN_CONSTANT_CONVERSION = YES;
				CLANG_WARN_DEPRECATED_OBJC_IMPLEMENTATIONS = YES;
				CLANG_WARN_DIRECT_OBJC_ISA_USAGE = YES_ERROR;
				CLANG_WARN_DOCUMENTATION_COMMENTS = YES;
				CLANG_WARN_EMPTY_BODY = YES;
				CLANG_WARN_ENUM_CONVERSION = YES;
				CLANG_WARN_INFINITE_RECURSION = YES;
				CLANG_WARN_INT_CONVERSION = YES;
				CLANG_WARN_NON_LITERAL_NULL_CONVERSION = YES;
				CLANG_WARN_OBJC_IMPLICIT_RETAIN_SELF = YES;
				CLANG_WARN_OBJC_LITERAL_CONVERSION = YES;
				CLANG_WARN_OBJC_ROOT_CLASS = YES_ERROR;
				CLANG_WARN_QUOTED_INCLUDE_IN_FRAMEWORK_HEADER = YES;
				CLANG_WARN_RANGE_LOOP_ANALYSIS = YES;
				CLANG_WARN_STRICT_PROTOTYPES = YES;
				CLANG_WARN_SUSPICIOUS_MOVE = YES;
				CLANG_WARN_UNGUARDED_AVAILABILITY = YES_AGGRESSIVE;
				CLANG_WARN_UNREACHABLE_CODE = YES;
				CLANG_WARN__DUPLICATE_METHOD_MATCH = YES;
				COPY_PHASE_STRIP = NO;
				DEBUG_INFORMATION_FORMAT = "dwarf-with-dsym";
				ENABLE_NS_ASSERTIONS = NO;
				ENABLE_STRICT_OBJC_MSGSEND = YES;
				ENABLE_USER_SCRIPT_SANDBOXING = YES;
				GCC_C_LANGUAGE_STANDARD = gnu17;
				GCC_NO_COMMON_BLOCKS = YES;
				GCC_WARN_64_TO_32_BIT_CONVERSION = YES;
				GCC_WARN_ABOUT_RETURN_TYPE = YES_ERROR;
				GCC_WARN_UNDECLARED_SELECTOR = YES;
				GCC_WARN_UNINITIALIZED_AUTOS = YES_AGGRESSIVE;
				GCC_WARN_UNUSED_FUNCTION = YES;
				GCC_WARN_UNUSED_VARIABLE = YES;
				IPHONEOS_DEPLOYMENT_TARGET = 17.2;
				LOCALIZATION_PREFERS_STRING_CATALOGS = YES;
				MTL_ENABLE_DEBUG_INFO = NO;
				MTL_FAST_MATH = YES;
				SDKROOT = iphoneos;
				SWIFT_COMPILATION_MODE = wholemodule;
				VALIDATE_PRODUCT = YES;
			};
			name = Release;
		};
		6B9D42102C6CF05600173C29 /* Debug */ = {
			isa = XCBuildConfiguration;
			buildSettings = {
				ASSETCATALOG_COMPILER_APPICON_NAME = AppIcon;
				ASSETCATALOG_COMPILER_GLOBAL_ACCENT_COLOR_NAME = AccentColor;
				CODE_SIGN_STYLE = Automatic;
				CURRENT_PROJECT_VERSION = 1;
				DEVELOPMENT_TEAM = TB9WF4459Q;
				GENERATE_INFOPLIST_FILE = YES;
				INFOPLIST_FILE = Taegeukgi/Info.plist;
				INFOPLIST_KEY_UIApplicationSupportsIndirectInputEvents = YES;
				INFOPLIST_KEY_UILaunchStoryboardName = LaunchScreen;
				INFOPLIST_KEY_UISupportedInterfaceOrientations = "UIInterfaceOrientationLandscapeLeft UIInterfaceOrientationLandscapeRight UIInterfaceOrientationPortrait";
				LD_RUNPATH_SEARCH_PATHS = (
					"$(inherited)",
					"@executable_path/Frameworks",
				);
				MARKETING_VERSION = 1.0;
				PRODUCT_BUNDLE_IDENTIFIER = YC.Taegeukgi;
				PRODUCT_NAME = "$(TARGET_NAME)";
				SWIFT_EMIT_LOC_STRINGS = YES;
				SWIFT_VERSION = 5.0;
				TARGETED_DEVICE_FAMILY = "1,2";
			};
			name = Debug;
		};
		6B9D42112C6CF05600173C29 /* Release */ = {
			isa = XCBuildConfiguration;
			buildSettings = {
				ASSETCATALOG_COMPILER_APPICON_NAME = AppIcon;
				ASSETCATALOG_COMPILER_GLOBAL_ACCENT_COLOR_NAME = AccentColor;
				CODE_SIGN_STYLE = Automatic;
				CURRENT_PROJECT_VERSION = 1;
				DEVELOPMENT_TEAM = TB9WF4459Q;
				GENERATE_INFOPLIST_FILE = YES;
				INFOPLIST_FILE = Taegeukgi/Info.plist;
				INFOPLIST_KEY_UIApplicationSupportsIndirectInputEvents = YES;
				INFOPLIST_KEY_UILaunchStoryboardName = LaunchScreen;
				INFOPLIST_KEY_UISupportedInterfaceOrientations = "UIInterfaceOrientationLandscapeLeft UIInterfaceOrientationLandscapeRight UIInterfaceOrientationPortrait";
				LD_RUNPATH_SEARCH_PATHS = (
					"$(inherited)",
					"@executable_path/Frameworks",
				);
				MARKETING_VERSION = 1.0;
				PRODUCT_BUNDLE_IDENTIFIER = YC.Taegeukgi;
				PRODUCT_NAME = "$(TARGET_NAME)";
				SWIFT_EMIT_LOC_STRINGS = YES;
				SWIFT_VERSION = 5.0;
				TARGETED_DEVICE_FAMILY = "1,2";
			};
			name = Release;
		};
/* End XCBuildConfiguration section */

/* Begin XCConfigurationList section */
		6B9D41F62C6CF05300173C29 /* Build configuration list for PBXProject "Taegeukgi" */ = {
			isa = XCConfigurationList;
			buildConfigurations = (
				6B9D420D2C6CF05600173C29 /* Debug */,
				6B9D420E2C6CF05600173C29 /* Release */,
			);
			defaultConfigurationIsVisible = 0;
			defaultConfigurationName = Release;
		};
		6B9D420F2C6CF05600173C29 /* Build configuration list for PBXNativeTarget "Taegeukgi" */ = {
			isa = XCConfigurationList;
			buildConfigurations = (
				6B9D42102C6CF05600173C29 /* Debug */,
				6B9D42112C6CF05600173C29 /* Release */,
			);
			defaultConfigurationIsVisible = 0;
			defaultConfigurationName = Release;
		};
/* End XCConfigurationList section */

/* Begin XCRemoteSwiftPackageReference section */
		6B9D42122C6CF11300173C29 /* XCRemoteSwiftPackageReference "SnapKit" */ = {
			isa = XCRemoteSwiftPackageReference;
			repositoryURL = "https://github.com/SnapKit/SnapKit.git";
			requirement = {
				kind = upToNextMajorVersion;
				minimumVersion = 5.7.1;
			};
		};
		6B9D42152C6CF12800173C29 /* XCRemoteSwiftPackageReference "Then" */ = {
			isa = XCRemoteSwiftPackageReference;
			repositoryURL = "https://github.com/devxoul/Then";
			requirement = {
				kind = upToNextMajorVersion;
				minimumVersion = 3.0.0;
			};
		};
/* End XCRemoteSwiftPackageReference section */

/* Begin XCSwiftPackageProductDependency section */
		6B9D42132C6CF11300173C29 /* SnapKit */ = {
			isa = XCSwiftPackageProductDependency;
			package = 6B9D42122C6CF11300173C29 /* XCRemoteSwiftPackageReference "SnapKit" */;
			productName = SnapKit;
		};
		6B9D42162C6CF12800173C29 /* Then */ = {
			isa = XCSwiftPackageProductDependency;
			package = 6B9D42152C6CF12800173C29 /* XCRemoteSwiftPackageReference "Then" */;
			productName = Then;
		};
/* End XCSwiftPackageProductDependency section */
	};
	rootObject = 6B9D41F32C6CF05300173C29 /* Project object */;
}
